
Microsoft Visual Studio Solution File, Format Version 12.00
# Visual Studio Version 17
VisualStudioVersion = 17.9.34417.21
MinimumVisualStudioVersion = 10.0.40219.1
Project("{9A19103F-16F7-4668-BE54-9A1E7A4F7556}") = "AspireStack.AppHost", "AspireStack.AppHost\AspireStack.AppHost.csproj", "{5AF5216F-4F9E-4439-ADCD-476E92374C8C}"
EndProject
Project("{9A19103F-16F7-4668-BE54-9A1E7A4F7556}") = "AspireStack.ServiceDefaults", "AspireStack.ServiceDefaults\AspireStack.ServiceDefaults.csproj", "{76B8A969-CF08-41C2-AF8B-F594107BE0C6}"
EndProject
Project("{9A19103F-16F7-4668-BE54-9A1E7A4F7556}") = "AspireStack.WebApi", "AspireStack.WebApi\AspireStack.WebApi.csproj", "{94BA356D-2B9D-45C3-9481-847E35B38318}"
EndProject
Project("{54A90642-561A-4BB1-A94E-469ADEE60C69}") = "AspireStack.Angular", "AspireStack.Angular\AspireStack.Angular.esproj", "{9899CF9C-39F4-46E8-8728-3086CBBCAF84}"
EndProject
Project("{2150E333-8FDC-42A3-9474-1A3956D46DE8}") = "aspire", "aspire", "{9A68C2AA-95CD-4A34-9E73-16D8C33B755E}"
EndProject
Project("{2150E333-8FDC-42A3-9474-1A3956D46DE8}") = "src", "src", "{9C2A6274-F91E-4A45-8219-C51D85D5EA7D}"
EndProject
Project("{FAE04EC0-301F-11D3-BF4B-00C04F79EFBC}") = "AspireStack.Domain", "AspireStack.Domain\AspireStack.Domain.csproj", "{021BECFA-F491-43C4-983E-37BD9FF93295}"
EndProject
Project("{FAE04EC0-301F-11D3-BF4B-00C04F79EFBC}") = "AspireStack.Domain.Shared", "AspireStack.Domain.Shared\AspireStack.Domain.Shared.csproj", "{0E4DE1A5-E7D2-48FD-B6B1-3C274499A140}"
EndProject
Project("{FAE04EC0-301F-11D3-BF4B-00C04F79EFBC}") = "AspireStack.Application", "AspireStack.Application\AspireStack.Application.csproj", "{27E45ADA-6608-4D76-91BC-7382D4C4C44F}"
EndProject
Project("{FAE04EC0-301F-11D3-BF4B-00C04F79EFBC}") = "AspireStack.Application.Shared", "AspireStack.Application.Shared\AspireStack.Application.Shared.csproj", "{B4D3DB1A-21CB-407D-9B82-A5C5CFEAEE55}"
EndProject
Project("{FAE04EC0-301F-11D3-BF4B-00C04F79EFBC}") = "AspireStack.Infrastructure", "AspireStack.Infrastructure\AspireStack.Infrastructure.csproj", "{91313CE6-3B3C-4FBD-82D1-114FAAFA046A}"
EndProject
Project("{FAE04EC0-301F-11D3-BF4B-00C04F79EFBC}") = "AspireStack.DbInitializator", "AspireStack.DbInitializator\AspireStack.DbInitializator.csproj", "{0BBFD382-63AF-48A2-BB95-DD6083137B41}"
EndProject
Project("{FAE04EC0-301F-11D3-BF4B-00C04F79EFBC}") = "AspireStack.Angular.ServiceGenerator", "AspireStack.Angular.ServiceGenerator\AspireStack.Angular.ServiceGenerator.csproj", "{4798424E-258F-4B1C-8EA0-247E2B2727A3}"
EndProject
Project("{2150E333-8FDC-42A3-9474-1A3956D46DE8}") = "tests", "tests", "{AD434F3E-DF02-4C8D-8B82-C727DB837A9E}"
EndProject
Project("{FAE04EC0-301F-11D3-BF4B-00C04F79EFBC}") = "AspireStack.UnitTests", "tests\AspireStack.UnitTests\AspireStack.UnitTests.csproj", "{A6BE0B67-1EFC-4C17-8DE0-3F1E2A454D28}"
EndProject
Global
	GlobalSection(SolutionConfigurationPlatforms) = preSolution
		Debug|Any CPU = Debug|Any CPU
		Release|Any CPU = Release|Any CPU
	EndGlobalSection
	GlobalSection(ProjectConfigurationPlatforms) = postSolution
		{5AF5216F-4F9E-4439-ADCD-476E92374C8C}.Debug|Any CPU.ActiveCfg = Debug|Any CPU
		{5AF5216F-4F9E-4439-ADCD-476E92374C8C}.Debug|Any CPU.Build.0 = Debug|Any CPU
		{5AF5216F-4F9E-4439-ADCD-476E92374C8C}.Release|Any CPU.ActiveCfg = Release|Any CPU
		{5AF5216F-4F9E-4439-ADCD-476E92374C8C}.Release|Any CPU.Build.0 = Release|Any CPU
		{76B8A969-CF08-41C2-AF8B-F594107BE0C6}.Debug|Any CPU.ActiveCfg = Debug|Any CPU
		{76B8A969-CF08-41C2-AF8B-F594107BE0C6}.Debug|Any CPU.Build.0 = Debug|Any CPU
		{76B8A969-CF08-41C2-AF8B-F594107BE0C6}.Release|Any CPU.ActiveCfg = Release|Any CPU
		{76B8A969-CF08-41C2-AF8B-F594107BE0C6}.Release|Any CPU.Build.0 = Release|Any CPU
		{94BA356D-2B9D-45C3-9481-847E35B38318}.Debug|Any CPU.ActiveCfg = Debug|Any CPU
		{94BA356D-2B9D-45C3-9481-847E35B38318}.Debug|Any CPU.Build.0 = Debug|Any CPU
		{94BA356D-2B9D-45C3-9481-847E35B38318}.Release|Any CPU.ActiveCfg = Release|Any CPU
		{94BA356D-2B9D-45C3-9481-847E35B38318}.Release|Any CPU.Build.0 = Release|Any CPU
		{9899CF9C-39F4-46E8-8728-3086CBBCAF84}.Debug|Any CPU.ActiveCfg = Debug|Any CPU
		{9899CF9C-39F4-46E8-8728-3086CBBCAF84}.Debug|Any CPU.Build.0 = Debug|Any CPU
		{9899CF9C-39F4-46E8-8728-3086CBBCAF84}.Debug|Any CPU.Deploy.0 = Debug|Any CPU
		{9899CF9C-39F4-46E8-8728-3086CBBCAF84}.Release|Any CPU.ActiveCfg = Release|Any CPU
		{9899CF9C-39F4-46E8-8728-3086CBBCAF84}.Release|Any CPU.Build.0 = Release|Any CPU
		{9899CF9C-39F4-46E8-8728-3086CBBCAF84}.Release|Any CPU.Deploy.0 = Release|Any CPU
		{021BECFA-F491-43C4-983E-37BD9FF93295}.Debug|Any CPU.ActiveCfg = Debug|Any CPU
		{021BECFA-F491-43C4-983E-37BD9FF93295}.Debug|Any CPU.Build.0 = Debug|Any CPU
		{021BECFA-F491-43C4-983E-37BD9FF93295}.Release|Any CPU.ActiveCfg = Release|Any CPU
		{021BECFA-F491-43C4-983E-37BD9FF93295}.Release|Any CPU.Build.0 = Release|Any CPU
		{0E4DE1A5-E7D2-48FD-B6B1-3C274499A140}.Debug|Any CPU.ActiveCfg = Debug|Any CPU
		{0E4DE1A5-E7D2-48FD-B6B1-3C274499A140}.Debug|Any CPU.Build.0 = Debug|Any CPU
		{0E4DE1A5-E7D2-48FD-B6B1-3C274499A140}.Release|Any CPU.ActiveCfg = Release|Any CPU
		{0E4DE1A5-E7D2-48FD-B6B1-3C274499A140}.Release|Any CPU.Build.0 = Release|Any CPU
		{27E45ADA-6608-4D76-91BC-7382D4C4C44F}.Debug|Any CPU.ActiveCfg = Debug|Any CPU
		{27E45ADA-6608-4D76-91BC-7382D4C4C44F}.Debug|Any CPU.Build.0 = Debug|Any CPU
		{27E45ADA-6608-4D76-91BC-7382D4C4C44F}.Release|Any CPU.ActiveCfg = Release|Any CPU
		{27E45ADA-6608-4D76-91BC-7382D4C4C44F}.Release|Any CPU.Build.0 = Release|Any CPU
		{B4D3DB1A-21CB-407D-9B82-A5C5CFEAEE55}.Debug|Any CPU.ActiveCfg = Debug|Any CPU
		{B4D3DB1A-21CB-407D-9B82-A5C5CFEAEE55}.Debug|Any CPU.Build.0 = Debug|Any CPU
		{B4D3DB1A-21CB-407D-9B82-A5C5CFEAEE55}.Release|Any CPU.ActiveCfg = Release|Any CPU
		{B4D3DB1A-21CB-407D-9B82-A5C5CFEAEE55}.Release|Any CPU.Build.0 = Release|Any CPU
		{91313CE6-3B3C-4FBD-82D1-114FAAFA046A}.Debug|Any CPU.ActiveCfg = Debug|Any CPU
		{91313CE6-3B3C-4FBD-82D1-114FAAFA046A}.Debug|Any CPU.Build.0 = Debug|Any CPU
		{91313CE6-3B3C-4FBD-82D1-114FAAFA046A}.Release|Any CPU.ActiveCfg = Release|Any CPU
		{91313CE6-3B3C-4FBD-82D1-114FAAFA046A}.Release|Any CPU.Build.0 = Release|Any CPU
		{0BBFD382-63AF-48A2-BB95-DD6083137B41}.Debug|Any CPU.ActiveCfg = Debug|Any CPU
		{0BBFD382-63AF-48A2-BB95-DD6083137B41}.Debug|Any CPU.Build.0 = Debug|Any CPU
		{0BBFD382-63AF-48A2-BB95-DD6083137B41}.Release|Any CPU.ActiveCfg = Release|Any CPU
		{0BBFD382-63AF-48A2-BB95-DD6083137B41}.Release|Any CPU.Build.0 = Release|Any CPU
		{4798424E-258F-4B1C-8EA0-247E2B2727A3}.Debug|Any CPU.ActiveCfg = Debug|Any CPU
		{4798424E-258F-4B1C-8EA0-247E2B2727A3}.Debug|Any CPU.Build.0 = Debug|Any CPU
		{4798424E-258F-4B1C-8EA0-247E2B2727A3}.Release|Any CPU.ActiveCfg = Release|Any CPU
		{4798424E-258F-4B1C-8EA0-247E2B2727A3}.Release|Any CPU.Build.0 = Release|Any CPU
		{A6BE0B67-1EFC-4C17-8DE0-3F1E2A454D28}.Debug|Any CPU.ActiveCfg = Debug|Any CPU
		{A6BE0B67-1EFC-4C17-8DE0-3F1E2A454D28}.Debug|Any CPU.Build.0 = Debug|Any CPU
		{A6BE0B67-1EFC-4C17-8DE0-3F1E2A454D28}.Release|Any CPU.ActiveCfg = Release|Any CPU
		{A6BE0B67-1EFC-4C17-8DE0-3F1E2A454D28}.Release|Any CPU.Build.0 = Release|Any CPU
	EndGlobalSection
	GlobalSection(SolutionProperties) = preSolution
		HideSolutionNode = FALSE
	EndGlobalSection
	GlobalSection(NestedProjects) = preSolution
		{5AF5216F-4F9E-4439-ADCD-476E92374C8C} = {9A68C2AA-95CD-4A34-9E73-16D8C33B755E}
		{76B8A969-CF08-41C2-AF8B-F594107BE0C6} = {9A68C2AA-95CD-4A34-9E73-16D8C33B755E}
		{94BA356D-2B9D-45C3-9481-847E35B38318} = {9C2A6274-F91E-4A45-8219-C51D85D5EA7D}
		{9899CF9C-39F4-46E8-8728-3086CBBCAF84} = {9C2A6274-F91E-4A45-8219-C51D85D5EA7D}
		{021BECFA-F491-43C4-983E-37BD9FF93295} = {9C2A6274-F91E-4A45-8219-C51D85D5EA7D}
		{0E4DE1A5-E7D2-48FD-B6B1-3C274499A140} = {9C2A6274-F91E-4A45-8219-C51D85D5EA7D}
		{27E45ADA-6608-4D76-91BC-7382D4C4C44F} = {9C2A6274-F91E-4A45-8219-C51D85D5EA7D}
		{B4D3DB1A-21CB-407D-9B82-A5C5CFEAEE55} = {9C2A6274-F91E-4A45-8219-C51D85D5EA7D}
		{91313CE6-3B3C-4FBD-82D1-114FAAFA046A} = {9C2A6274-F91E-4A45-8219-C51D85D5EA7D}
		{0BBFD382-63AF-48A2-BB95-DD6083137B41} = {9C2A6274-F91E-4A45-8219-C51D85D5EA7D}
		{4798424E-258F-4B1C-8EA0-247E2B2727A3} = {9C2A6274-F91E-4A45-8219-C51D85D5EA7D}
		{A6BE0B67-1EFC-4C17-8DE0-3F1E2A454D28} = {AD434F3E-DF02-4C8D-8B82-C727DB837A9E}
	EndGlobalSection
	GlobalSection(ExtensibilityGlobals) = postSolution
		SolutionGuid = {9A7AC130-33BE-4B5B-99AF-D4A049A38C88}
	EndGlobalSection
EndGlobal
